// !$*UTF8*$!
{
	archiveVersion = 1;
	classes = {
	};
	objectVersion = 55;
	objects = {

/* Begin PBXBuildFile section */
		17ADE5592855253100BC4D82 /* AppDelegate.swift in Sources */ = {isa = PBXBuildFile; fileRef = 17ADE5582855253100BC4D82 /* AppDelegate.swift */; };
		17ADE55B2855253100BC4D82 /* SceneDelegate.swift in Sources */ = {isa = PBXBuildFile; fileRef = 17ADE55A2855253100BC4D82 /* SceneDelegate.swift */; };
		17ADE55D2855253100BC4D82 /* ViewController.swift in Sources */ = {isa = PBXBuildFile; fileRef = 17ADE55C2855253100BC4D82 /* ViewController.swift */; };
		17ADE5602855253100BC4D82 /* Main.storyboard in Resources */ = {isa = PBXBuildFile; fileRef = 17ADE55E2855253100BC4D82 /* Main.storyboard */; };
		17ADE5622855253300BC4D82 /* Assets.xcassets in Resources */ = {isa = PBXBuildFile; fileRef = 17ADE5612855253300BC4D82 /* Assets.xcassets */; };
		17ADE5652855253300BC4D82 /* LaunchScreen.storyboard in Resources */ = {isa = PBXBuildFile; fileRef = 17ADE5632855253300BC4D82 /* LaunchScreen.storyboard */; };
		17ADE5702855253300BC4D82 /* BirthdayNoteTests.swift in Sources */ = {isa = PBXBuildFile; fileRef = 17ADE56F2855253300BC4D82 /* BirthdayNoteTests.swift */; };
		17ADE57A2855253300BC4D82 /* BirthdayNoteUITests.swift in Sources */ = {isa = PBXBuildFile; fileRef = 17ADE5792855253300BC4D82 /* BirthdayNoteUITests.swift */; };
		17ADE57C2855253300BC4D82 /* BirthdayNoteUITestsLaunchTests.swift in Sources */ = {isa = PBXBuildFile; fileRef = 17ADE57B2855253300BC4D82 /* BirthdayNoteUITestsLaunchTests.swift */; };
/* End PBXBuildFile section */

/* Begin PBXContainerItemProxy section */
		17ADE56C2855253300BC4D82 /* PBXContainerItemProxy */ = {
			isa = PBXContainerItemProxy;
			containerPortal = 17ADE54D2855253100BC4D82 /* Project object */;
			proxyType = 1;
			remoteGlobalIDString = 17ADE5542855253100BC4D82;
			remoteInfo = BirthdayNote;
		};
		17ADE5762855253300BC4D82 /* PBXContainerItemProxy */ = {
			isa = PBXContainerItemProxy;
			containerPortal = 17ADE54D2855253100BC4D82 /* Project object */;
			proxyType = 1;
			remoteGlobalIDString = 17ADE5542855253100BC4D82;
			remoteInfo = BirthdayNote;
		};
/* End PBXContainerItemProxy section */

/* Begin PBXFileReference section */
		17ADE5552855253100BC4D82 /* BirthdayNote.app */ = {isa = PBXFileReference; explicitFileType = wrapper.application; includeInIndex = 0; path = BirthdayNote.app; sourceTree = BUILT_PRODUCTS_DIR; };
		17ADE5582855253100BC4D82 /* AppDelegate.swift */ = {isa = PBXFileReference; lastKnownFileType = sourcecode.swift; path = AppDelegate.swift; sourceTree = "<group>"; };
		17ADE55A2855253100BC4D82 /* SceneDelegate.swift */ = {isa = PBXFileReference; lastKnownFileType = sourcecode.swift; path = SceneDelegate.swift; sourceTree = "<group>"; };
		17ADE55C2855253100BC4D82 /* ViewController.swift */ = {isa = PBXFileReference; lastKnownFileType = sourcecode.swift; path = ViewController.swift; sourceTree = "<group>"; };
		17ADE55F2855253100BC4D82 /* Base */ = {isa = PBXFileReference; lastKnownFileType = file.storyboard; name = Base; path = Base.lproj/Main.storyboard; sourceTree = "<group>"; };
		17ADE5612855253300BC4D82 /* Assets.xcassets */ = {isa = PBXFileReference; lastKnownFileType = folder.assetcatalog; path = Assets.xcassets; sourceTree = "<group>"; };
		17ADE5642855253300BC4D82 /* Base */ = {isa = PBXFileReference; lastKnownFileType = file.storyboard; name = Base; path = Base.lproj/LaunchScreen.storyboard; sourceTree = "<group>"; };
		17ADE5662855253300BC4D82 /* Info.plist */ = {isa = PBXFileReference; lastKnownFileType = text.plist.xml; path = Info.plist; sourceTree = "<group>"; };
		17ADE56B2855253300BC4D82 /* BirthdayNoteTests.xctest */ = {isa = PBXFileReference; explicitFileType = wrapper.cfbundle; includeInIndex = 0; path = BirthdayNoteTests.xctest; sourceTree = BUILT_PRODUCTS_DIR; };
		17ADE56F2855253300BC4D82 /* BirthdayNoteTests.swift */ = {isa = PBXFileReference; lastKnownFileType = sourcecode.swift; path = BirthdayNoteTests.swift; sourceTree = "<group>"; };
		17ADE5752855253300BC4D82 /* BirthdayNoteUITests.xctest */ = {isa = PBXFileReference; explicitFileType = wrapper.cfbundle; includeInIndex = 0; path = BirthdayNoteUITests.xctest; sourceTree = BUILT_PRODUCTS_DIR; };
		17ADE5792855253300BC4D82 /* BirthdayNoteUITests.swift */ = {isa = PBXFileReference; lastKnownFileType = sourcecode.swift; path = BirthdayNoteUITests.swift; sourceTree = "<group>"; };
		17ADE57B2855253300BC4D82 /* BirthdayNoteUITestsLaunchTests.swift */ = {isa = PBXFileReference; lastKnownFileType = sourcecode.swift; path = BirthdayNoteUITestsLaunchTests.swift; sourceTree = "<group>"; };
/* End PBXFileReference section */

/* Begin PBXFrameworksBuildPhase section */
		17ADE5522855253100BC4D82 /* Frameworks */ = {
			isa = PBXFrameworksBuildPhase;
			buildActionMask = 2147483647;
			files = (
			);
			runOnlyForDeploymentPostprocessing = 0;
		};
		17ADE5682855253300BC4D82 /* Frameworks */ = {
			isa = PBXFrameworksBuildPhase;
			buildActionMask = 2147483647;
			files = (
			);
			runOnlyForDeploymentPostprocessing = 0;
		};
		17ADE5722855253300BC4D82 /* Frameworks */ = {
			isa = PBXFrameworksBuildPhase;
			buildActionMask = 2147483647;
			files = (
			);
			runOnlyForDeploymentPostprocessing = 0;
		};
/* End PBXFrameworksBuildPhase section */

/* Begin PBXGroup section */
		17ADE54C2855253100BC4D82 = {
			isa = PBXGroup;
			children = (
				17ADE5572855253100BC4D82 /* BirthdayNote */,
				17ADE56E2855253300BC4D82 /* BirthdayNoteTests */,
				17ADE5782855253300BC4D82 /* BirthdayNoteUITests */,
				17ADE5562855253100BC4D82 /* Products */,
			);
			sourceTree = "<group>";
		};
		17ADE5562855253100BC4D82 /* Products */ = {
			isa = PBXGroup;
			children = (
				17ADE5552855253100BC4D82 /* BirthdayNote.app */,
				17ADE56B2855253300BC4D82 /* BirthdayNoteTests.xctest */,
				17ADE5752855253300BC4D82 /* BirthdayNoteUITests.xctest */,
			);
			name = Products;
			sourceTree = "<group>";
		};
		17ADE5572855253100BC4D82 /* BirthdayNote */ = {
			isa = PBXGroup;
			children = (
				17ADE5582855253100BC4D82 /* AppDelegate.swift */,
				17ADE55A2855253100BC4D82 /* SceneDelegate.swift */,
				17ADE55C2855253100BC4D82 /* ViewController.swift */,
				17ADE55E2855253100BC4D82 /* Main.storyboard */,
				17ADE5612855253300BC4D82 /* Assets.xcassets */,
				17ADE5632855253300BC4D82 /* LaunchScreen.storyboard */,
				17ADE5662855253300BC4D82 /* Info.plist */,
			);
			path = BirthdayNote;
			sourceTree = "<group>";
		};
		17ADE56E2855253300BC4D82 /* BirthdayNoteTests */ = {
			isa = PBXGroup;
			children = (
				17ADE56F2855253300BC4D82 /* BirthdayNoteTests.swift */,
			);
			path = BirthdayNoteTests;
			sourceTree = "<group>";
		};
		17ADE5782855253300BC4D82 /* BirthdayNoteUITests */ = {
			isa = PBXGroup;
			children = (
				17ADE5792855253300BC4D82 /* BirthdayNoteUITests.swift */,
				17ADE57B2855253300BC4D82 /* BirthdayNoteUITestsLaunchTests.swift */,
			);
			path = BirthdayNoteUITests;
			sourceTree = "<group>";
		};
/* End PBXGroup section */

/* Begin PBXNativeTarget section */
		17ADE5542855253100BC4D82 /* BirthdayNote */ = {
			isa = PBXNativeTarget;
			buildConfigurationList = 17ADE57F2855253300BC4D82 /* Build configuration list for PBXNativeTarget "BirthdayNote" */;
			buildPhases = (
				17ADE5512855253100BC4D82 /* Sources */,
				17ADE5522855253100BC4D82 /* Frameworks */,
				17ADE5532855253100BC4D82 /* Resources */,
			);
			buildRules = (
			);
			dependencies = (
			);
			name = BirthdayNote;
			productName = BirthdayNote;
			productReference = 17ADE5552855253100BC4D82 /* BirthdayNote.app */;
			productType = "com.apple.product-type.application";
		};
		17ADE56A2855253300BC4D82 /* BirthdayNoteTests */ = {
			isa = PBXNativeTarget;
			buildConfigurationList = 17ADE5822855253300BC4D82 /* Build configuration list for PBXNativeTarget "BirthdayNoteTests" */;
			buildPhases = (
				17ADE5672855253300BC4D82 /* Sources */,
				17ADE5682855253300BC4D82 /* Frameworks */,
				17ADE5692855253300BC4D82 /* Resources */,
			);
			buildRules = (
			);
			dependencies = (
				17ADE56D2855253300BC4D82 /* PBXTargetDependency */,
			);
			name = BirthdayNoteTests;
			productName = BirthdayNoteTests;
			productReference = 17ADE56B2855253300BC4D82 /* BirthdayNoteTests.xctest */;
			productType = "com.apple.product-type.bundle.unit-test";
		};
		17ADE5742855253300BC4D82 /* BirthdayNoteUITests */ = {
			isa = PBXNativeTarget;
			buildConfigurationList = 17ADE5852855253300BC4D82 /* Build configuration list for PBXNativeTarget "BirthdayNoteUITests" */;
			buildPhases = (
				17ADE5712855253300BC4D82 /* Sources */,
				17ADE5722855253300BC4D82 /* Frameworks */,
				17ADE5732855253300BC4D82 /* Resources */,
			);
			buildRules = (
			);
			dependencies = (
				17ADE5772855253300BC4D82 /* PBXTargetDependency */,
			);
			name = BirthdayNoteUITests;
			productName = BirthdayNoteUITests;
			productReference = 17ADE5752855253300BC4D82 /* BirthdayNoteUITests.xctest */;
			productType = "com.apple.product-type.bundle.ui-testing";
		};
/* End PBXNativeTarget section */

/* Begin PBXProject section */
		17ADE54D2855253100BC4D82 /* Project object */ = {
			isa = PBXProject;
			attributes = {
				BuildIndependentTargetsInParallel = 1;
				LastSwiftUpdateCheck = 1340;
				LastUpgradeCheck = 1340;
				TargetAttributes = {
					17ADE5542855253100BC4D82 = {
						CreatedOnToolsVersion = 13.4.1;
					};
					17ADE56A2855253300BC4D82 = {
						CreatedOnToolsVersion = 13.4.1;
						TestTargetID = 17ADE5542855253100BC4D82;
					};
					17ADE5742855253300BC4D82 = {
						CreatedOnToolsVersion = 13.4.1;
						TestTargetID = 17ADE5542855253100BC4D82;
					};
				};
			};
			buildConfigurationList = 17ADE5502855253100BC4D82 /* Build configuration list for PBXProject "BirthdayNote" */;
			compatibilityVersion = "Xcode 13.0";
			developmentRegion = en;
			hasScannedForEncodings = 0;
			knownRegions = (
				en,
				Base,
			);
			mainGroup = 17ADE54C2855253100BC4D82;
			productRefGroup = 17ADE5562855253100BC4D82 /* Products */;
			projectDirPath = "";
			projectRoot = "";
			targets = (
				17ADE5542855253100BC4D82 /* BirthdayNote */,
				17ADE56A2855253300BC4D82 /* BirthdayNoteTests */,
				17ADE5742855253300BC4D82 /* BirthdayNoteUITests */,
			);
		};
/* End PBXProject section */

/* Begin PBXResourcesBuildPhase section */
		17ADE5532855253100BC4D82 /* Resources */ = {
			isa = PBXResourcesBuildPhase;
			buildActionMask = 2147483647;
			files = (
				17ADE5652855253300BC4D82 /* LaunchScreen.storyboard in Resources */,
				17ADE5622855253300BC4D82 /* Assets.xcassets in Resources */,
				17ADE5602855253100BC4D82 /* Main.storyboard in Resources */,
			);
			runOnlyForDeploymentPostprocessing = 0;
		};
		17ADE5692855253300BC4D82 /* Resources */ = {
			isa = PBXResourcesBuildPhase;
			buildActionMask = 2147483647;
			files = (
			);
			runOnlyForDeploymentPostprocessing = 0;
		};
		17ADE5732855253300BC4D82 /* Resources */ = {
			isa = PBXResourcesBuildPhase;
			buildActionMask = 2147483647;
			files = (
			);
			runOnlyForDeploymentPostprocessing = 0;
		};
/* End PBXResourcesBuildPhase section */

/* Begin PBXSourcesBuildPhase section */
		17ADE5512855253100BC4D82 /* Sources */ = {
			isa = PBXSourcesBuildPhase;
			buildActionMask = 2147483647;
			files = (
				17ADE55D2855253100BC4D82 /* ViewController.swift in Sources */,
				17ADE5592855253100BC4D82 /* AppDelegate.swift in Sources */,
				17ADE55B2855253100BC4D82 /* SceneDelegate.swift in Sources */,
			);
			runOnlyForDeploymentPostprocessing = 0;
		};
		17ADE5672855253300BC4D82 /* Sources */ = {
			isa = PBXSourcesBuildPhase;
			buildActionMask = 2147483647;
			files = (
				17ADE5702855253300BC4D82 /* BirthdayNoteTests.swift in Sources */,
			);
			runOnlyForDeploymentPostprocessing = 0;
		};
		17ADE5712855253300BC4D82 /* Sources */ = {
			isa = PBXSourcesBuildPhase;
			buildActionMask = 2147483647;
			files = (
				17ADE57A2855253300BC4D82 /* BirthdayNoteUITests.swift in Sources */,
				17ADE57C2855253300BC4D82 /* BirthdayNoteUITestsLaunchTests.swift in Sources */,
			);
			runOnlyForDeploymentPostprocessing = 0;
		};
/* End PBXSourcesBuildPhase section */

/* Begin PBXTargetDependency section */
		17ADE56D2855253300BC4D82 /* PBXTargetDependency */ = {
			isa = PBXTargetDependency;
			target = 17ADE5542855253100BC4D82 /* BirthdayNote */;
			targetProxy = 17ADE56C2855253300BC4D82 /* PBXContainerItemProxy */;
		};
		17ADE5772855253300BC4D82 /* PBXTargetDependency */ = {
			isa = PBXTargetDependency;
			target = 17ADE5542855253100BC4D82 /* BirthdayNote */;
			targetProxy = 17ADE5762855253300BC4D82 /* PBXContainerItemProxy */;
		};
/* End PBXTargetDependency section */

/* Begin PBXVariantGroup section */
		17ADE55E2855253100BC4D82 /* Main.storyboard */ = {
			isa = PBXVariantGroup;
			children = (
				17ADE55F2855253100BC4D82 /* Base */,
			);
			name = Main.storyboard;
			sourceTree = "<group>";
		};
		17ADE5632855253300BC4D82 /* LaunchScreen.storyboard */ = {
			isa = PBXVariantGroup;
			children = (
				17ADE5642855253300BC4D82 /* Base */,
			);
			name = LaunchScreen.storyboard;
			sourceTree = "<group>";
		};
/* End PBXVariantGroup section */

/* Begin XCBuildConfiguration section */
		17ADE57D2855253300BC4D82 /* Debug */ = {
			isa = XCBuildConfiguration;
			buildSettings = {
				ALWAYS_SEARCH_USER_PATHS = NO;
				CLANG_ANALYZER_NONNULL = YES;
				CLANG_ANALYZER_NUMBER_OBJECT_CONVERSION = YES_AGGRESSIVE;
				CLANG_CXX_LANGUAGE_STANDARD = "gnu++17";
				CLANG_ENABLE_MODULES = YES;
				CLANG_ENABLE_OBJC_ARC = YES;
				CLANG_ENABLE_OBJC_WEAK = YES;
				CLANG_WARN_BLOCK_CAPTURE_AUTORELEASING = YES;
				CLANG_WARN_BOOL_CONVERSION = YES;
				CLANG_WARN_COMMA = YES;
				CLANG_WARN_CONSTANT_CONVERSION = YES;
				CLANG_WARN_DEPRECATED_OBJC_IMPLEMENTATIONS = YES;
				CLANG_WARN_DIRECT_OBJC_ISA_USAGE = YES_ERROR;
				CLANG_WARN_DOCUMENTATION_COMMENTS = YES;
				CLANG_WARN_EMPTY_BODY = YES;
				CLANG_WARN_ENUM_CONVERSION = YES;
				CLANG_WARN_INFINITE_RECURSION = YES;
				CLANG_WARN_INT_CONVERSION = YES;
				CLANG_WARN_NON_LITERAL_NULL_CONVERSION = YES;
				CLANG_WARN_OBJC_IMPLICIT_RETAIN_SELF = YES;
				CLANG_WARN_OBJC_LITERAL_CONVERSION = YES;
				CLANG_WARN_OBJC_ROOT_CLASS = YES_ERROR;
				CLANG_WARN_QUOTED_INCLUDE_IN_FRAMEWORK_HEADER = YES;
				CLANG_WARN_RANGE_LOOP_ANALYSIS = YES;
				CLANG_WARN_STRICT_PROTOTYPES = YES;
				CLANG_WARN_SUSPICIOUS_MOVE = YES;
				CLANG_WARN_UNGUARDED_AVAILABILITY = YES_AGGRESSIVE;
				CLANG_WARN_UNREACHABLE_CODE = YES;
				CLANG_WARN__DUPLICATE_METHOD_MATCH = YES;
				COPY_PHASE_STRIP = NO;
				DEBUG_INFORMATION_FORMAT = dwarf;
				ENABLE_STRICT_OBJC_MSGSEND = YES;
				ENABLE_TESTABILITY = YES;
				GCC_C_LANGUAGE_STANDARD = gnu11;
				GCC_DYNAMIC_NO_PIC = NO;
				GCC_NO_COMMON_BLOCKS = YES;
				GCC_OPTIMIZATION_LEVEL = 0;
				GCC_PREPROCESSOR_DEFINITIONS = (
					"DEBUG=1",
					"$(inherited)",
				);
				GCC_WARN_64_TO_32_BIT_CONVERSION = YES;
				GCC_WARN_ABOUT_RETURN_TYPE = YES_ERROR;
				GCC_WARN_UNDECLARED_SELECTOR = YES;
				GCC_WARN_UNINITIALIZED_AUTOS = YES_AGGRESSIVE;
				GCC_WARN_UNUSED_FUNCTION = YES;
				GCC_WARN_UNUSED_VARIABLE = YES;
				IPHONEOS_DEPLOYMENT_TARGET = 15.5;
				MTL_ENABLE_DEBUG_INFO = INCLUDE_SOURCE;
				MTL_FAST_MATH = YES;
				ONLY_ACTIVE_ARCH = YES;
				SDKROOT = iphoneos;
				SWIFT_ACTIVE_COMPILATION_CONDITIONS = DEBUG;
				SWIFT_OPTIMIZATION_LEVEL = "-Onone";
			};
			name = Debug;
		};
		17ADE57E2855253300BC4D82 /* Release */ = {
			isa = XCBuildConfiguration;
			buildSettings = {
				ALWAYS_SEARCH_USER_PATHS = NO;
				CLANG_ANALYZER_NONNULL = YES;
				CLANG_ANALYZER_NUMBER_OBJECT_CONVERSION = YES_AGGRESSIVE;
				CLANG_CXX_LANGUAGE_STANDARD = "gnu++17";
				CLANG_ENABLE_MODULES = YES;
				CLANG_ENABLE_OBJC_ARC = YES;
				CLANG_ENABLE_OBJC_WEAK = YES;
				CLANG_WARN_BLOCK_CAPTURE_AUTORELEASING = YES;
				CLANG_WARN_BOOL_CONVERSION = YES;
				CLANG_WARN_COMMA = YES;
				CLANG_WARN_CONSTANT_CONVERSION = YES;
				CLANG_WARN_DEPRECATED_OBJC_IMPLEMENTATIONS = YES;
				CLANG_WARN_DIRECT_OBJC_ISA_USAGE = YES_ERROR;
				CLANG_WARN_DOCUMENTATION_COMMENTS = YES;
				CLANG_WARN_EMPTY_BODY = YES;
				CLANG_WARN_ENUM_CONVERSION = YES;
				CLANG_WARN_INFINITE_RECURSION = YES;
				CLANG_WARN_INT_CONVERSION = YES;
				CLANG_WARN_NON_LITERAL_NULL_CONVERSION = YES;
				CLANG_WARN_OBJC_IMPLICIT_RETAIN_SELF = YES;
				CLANG_WARN_OBJC_LITERAL_CONVERSION = YES;
				CLANG_WARN_OBJC_ROOT_CLASS = YES_ERROR;
				CLANG_WARN_QUOTED_INCLUDE_IN_FRAMEWORK_HEADER = YES;
				CLANG_WARN_RANGE_LOOP_ANALYSIS = YES;
				CLANG_WARN_STRICT_PROTOTYPES = YES;
				CLANG_WARN_SUSPICIOUS_MOVE = YES;
				CLANG_WARN_UNGUARDED_AVAILABILITY = YES_AGGRESSIVE;
				CLANG_WARN_UNREACHABLE_CODE = YES;
				CLANG_WARN__DUPLICATE_METHOD_MATCH = YES;
				COPY_PHASE_STRIP = NO;
				DEBUG_INFORMATION_FORMAT = "dwarf-with-dsym";
				ENABLE_NS_ASSERTIONS = NO;
				ENABLE_STRICT_OBJC_MSGSEND = YES;
				GCC_C_LANGUAGE_STANDARD = gnu11;
				GCC_NO_COMMON_BLOCKS = YES;
				GCC_WARN_64_TO_32_BIT_CONVERSION = YES;
				GCC_WARN_ABOUT_RETURN_TYPE = YES_ERROR;
				GCC_WARN_UNDECLARED_SELECTOR = YES;
				GCC_WARN_UNINITIALIZED_AUTOS = YES_AGGRESSIVE;
				GCC_WARN_UNUSED_FUNCTION = YES;
				GCC_WARN_UNUSED_VARIABLE = YES;
				IPHONEOS_DEPLOYMENT_TARGET = 15.5;
				MTL_ENABLE_DEBUG_INFO = NO;
				MTL_FAST_MATH = YES;
				SDKROOT = iphoneos;
				SWIFT_COMPILATION_MODE = wholemodule;
				SWIFT_OPTIMIZATION_LEVEL = "-O";
				VALIDATE_PRODUCT = YES;
			};
			name = Release;
		};
		17ADE5802855253300BC4D82 /* Debug */ = {
			isa = XCBuildConfiguration;
			buildSettings = {
				ASSETCATALOG_COMPILER_APPICON_NAME = AppIcon;
				ASSETCATALOG_COMPILER_GLOBAL_ACCENT_COLOR_NAME = AccentColor;
				CODE_SIGN_STYLE = Automatic;
				CURRENT_PROJECT_VERSION = 1;
				GENERATE_INFOPLIST_FILE = YES;
				INFOPLIST_FILE = BirthdayNote/Info.plist;
				INFOPLIST_KEY_UIApplicationSupportsIndirectInputEvents = YES;
				INFOPLIST_KEY_UILaunchStoryboardName = LaunchScreen;
				INFOPLIST_KEY_UIMainStoryboardFile = Main;
				INFOPLIST_KEY_UISupportedInterfaceOrientations_iPad = "UIInterfaceOrientationPortrait UIInterfaceOrientationPortraitUpsideDown UIInterfaceOrientationLandscapeLeft UIInterfaceOrientationLandscapeRight";
				INFOPLIST_KEY_UISupportedInterfaceOrientations_iPhone = "UIInterfaceOrientationPortrait UIInterfaceOrientationLandscapeLeft UIInterfaceOrientationLandscapeRight";
				LD_RUNPATH_SEARCH_PATHS = (
					"$(inherited)",
					"@executable_path/Frameworks",
				);
				MARKETING_VERSION = 1.0;
				PRODUCT_BUNDLE_IDENTIFIER = com.info.BirthdayNote;
				PRODUCT_NAME = "$(TARGET_NAME)";
				SWIFT_EMIT_LOC_STRINGS = YES;
				SWIFT_VERSION = 5.0;
				TARGETED_DEVICE_FAMILY = "1,2";
			};
			name = Debug;
		};
		17ADE5812855253300BC4D82 /* Release */ = {
			isa = XCBuildConfiguration;
			buildSettings = {
				ASSETCATALOG_COMPILER_APPICON_NAME = AppIcon;
				ASSETCATALOG_COMPILER_GLOBAL_ACCENT_COLOR_NAME = AccentColor;
				CODE_SIGN_STYLE = Automatic;
				CURRENT_PROJECT_VERSION = 1;
				GENERATE_INFOPLIST_FILE = YES;
				INFOPLIST_FILE = BirthdayNote/Info.plist;
				INFOPLIST_KEY_UIApplicationSupportsIndirectInputEvents = YES;
				INFOPLIST_KEY_UILaunchStoryboardName = LaunchScreen;
				INFOPLIST_KEY_UIMainStoryboardFile = Main;
				INFOPLIST_KEY_UISupportedInterfaceOrientations_iPad = "UIInterfaceOrientationPortrait UIInterfaceOrientationPortraitUpsideDown UIInterfaceOrientationLandscapeLeft UIInterfaceOrientationLandscapeRight";
				INFOPLIST_KEY_UISupportedInterfaceOrientations_iPhone = "UIInterfaceOrientationPortrait UIInterfaceOrientationLandscapeLeft UIInterfaceOrientationLandscapeRight";
				LD_RUNPATH_SEARCH_PATHS = (
					"$(inherited)",
					"@executable_path/Frameworks",
				);
				MARKETING_VERSION = 1.0;
				PRODUCT_BUNDLE_IDENTIFIER = com.info.BirthdayNote;
				PRODUCT_NAME = "$(TARGET_NAME)";
				SWIFT_EMIT_LOC_STRINGS = YES;
				SWIFT_VERSION = 5.0;
				TARGETED_DEVICE_FAMILY = "1,2";
			};
			name = Release;
		};
		17ADE5832855253300BC4D82 /* Debug */ = {
			isa = XCBuildConfiguration;
			buildSettings = {
				ALWAYS_EMBED_SWIFT_STANDARD_LIBRARIES = YES;
				BUNDLE_LOADER = "$(TEST_HOST)";
				CODE_SIGN_STYLE = Automatic;
				CURRENT_PROJECT_VERSION = 1;
				GENERATE_INFOPLIST_FILE = YES;
				IPHONEOS_DEPLOYMENT_TARGET = 15.5;
				MARKETING_VERSION = 1.0;
				PRODUCT_BUNDLE_IDENTIFIER = com.info.BirthdayNoteTests;
				PRODUCT_NAME = "$(TARGET_NAME)";
				SWIFT_EMIT_LOC_STRINGS = NO;
				SWIFT_VERSION = 5.0;
				TARGETED_DEVICE_FAMILY = "1,2";
				TEST_HOST = "$(BUILT_PRODUCTS_DIR)/BirthdayNote.app/BirthdayNote";
			};
			name = Debug;
		};
		17ADE5842855253300BC4D82 /* Release */ = {
			isa = XCBuildConfiguration;
			buildSettings = {
				ALWAYS_EMBED_SWIFT_STANDARD_LIBRARIES = YES;
				BUNDLE_LOADER = "$(TEST_HOST)";
				CODE_SIGN_STYLE = Automatic;
				CURRENT_PROJECT_VERSION = 1;
				GENERATE_INFOPLIST_FILE = YES;
				IPHONEOS_DEPLOYMENT_TARGET = 15.5;
				MARKETING_VERSION = 1.0;
				PRODUCT_BUNDLE_IDENTIFIER = com.info.BirthdayNoteTests;
				PRODUCT_NAME = "$(TARGET_NAME)";
				SWIFT_EMIT_LOC_STRINGS = NO;
				SWIFT_VERSION = 5.0;
				TARGETED_DEVICE_FAMILY = "1,2";
				TEST_HOST = "$(BUILT_PRODUCTS_DIR)/BirthdayNote.app/BirthdayNote";
			};
			name = Release;
		};
		17ADE5862855253300BC4D82 /* Debug */ = {
			isa = XCBuildConfiguration;
			buildSettings = {
				ALWAYS_EMBED_SWIFT_STANDARD_LIBRARIES = YES;
				CODE_SIGN_STYLE = Automatic;
				CURRENT_PROJECT_VERSION = 1;
				GENERATE_INFOPLIST_FILE = YES;
				MARKETING_VERSION = 1.0;
				PRODUCT_BUNDLE_IDENTIFIER = com.info.BirthdayNoteUITests;
				PRODUCT_NAME = "$(TARGET_NAME)";
				SWIFT_EMIT_LOC_STRINGS = NO;
				SWIFT_VERSION = 5.0;
				TARGETED_DEVICE_FAMILY = "1,2";
				TEST_TARGET_NAME = BirthdayNote;
			};
			name = Debug;
		};
		17ADE5872855253300BC4D82 /* Release */ = {
			isa = XCBuildConfiguration;
			buildSettings = {
				ALWAYS_EMBED_SWIFT_STANDARD_LIBRARIES = YES;
				CODE_SIGN_STYLE = Automatic;
				CURRENT_PROJECT_VERSION = 1;
				GENERATE_INFOPLIST_FILE = YES;
				MARKETING_VERSION = 1.0;
				PRODUCT_BUNDLE_IDENTIFIER = com.info.BirthdayNoteUITests;
				PRODUCT_NAME = "$(TARGET_NAME)";
				SWIFT_EMIT_LOC_STRINGS = NO;
				SWIFT_VERSION = 5.0;
				TARGETED_DEVICE_FAMILY = "1,2";
				TEST_TARGET_NAME = BirthdayNote;
			};
			name = Release;
		};
/* End XCBuildConfiguration section */

/* Begin XCConfigurationList section */
		17ADE5502855253100BC4D82 /* Build configuration list for PBXProject "BirthdayNote" */ = {
			isa = XCConfigurationList;
			buildConfigurations = (
				17ADE57D2855253300BC4D82 /* Debug */,
				17ADE57E2855253300BC4D82 /* Release */,
			);
			defaultConfigurationIsVisible = 0;
			defaultConfigurationName = Release;
		};
		17ADE57F2855253300BC4D82 /* Build configuration list for PBXNativeTarget "BirthdayNote" */ = {
			isa = XCConfigurationList;
			buildConfigurations = (
				17ADE5802855253300BC4D82 /* Debug */,
				17ADE5812855253300BC4D82 /* Release */,
			);
			defaultConfigurationIsVisible = 0;
			defaultConfigurationName = Release;
		};
		17ADE5822855253300BC4D82 /* Build configuration list for PBXNativeTarget "BirthdayNoteTests" */ = {
			isa = XCConfigurationList;
			buildConfigurations = (
				17ADE5832855253300BC4D82 /* Debug */,
				17ADE5842855253300BC4D82 /* Release */,
			);
			defaultConfigurationIsVisible = 0;
			defaultConfigurationName = Release;
		};
		17ADE5852855253300BC4D82 /* Build configuration list for PBXNativeTarget "BirthdayNoteUITests" */ = {
			isa = XCConfigurationList;
			buildConfigurations = (
				17ADE5862855253300BC4D82 /* Debug */,
				17ADE5872855253300BC4D82 /* Release */,
			);
			defaultConfigurationIsVisible = 0;
			defaultConfigurationName = Release;
		};
/* End XCConfigurationList section */
	};
	rootObject = 17ADE54D2855253100BC4D82 /* Project object */;
}
